{
  "originHash" : "25892abdbdfd10719785b76a4e97b7617605c473937eb3a9d13ea4ab5ffb0fc5",
  "pins" : [
    {
      "identity" : "alerttoast",
      "kind" : "remoteSourceControl",
      "location" : "https://github.com/elai950/AlertToast",
      "state" : {
        "revision" : "b39252eacd159904afd7d718bba0afabb87f2f2f",
        "version" : "1.3.9"
      }
    },
    {
      "identity" : "cameraview",
      "kind" : "remoteSourceControl",
      "location" : "https://github.com/Mijick/CameraView",
      "state" : {
        "revision" : "0ff7c42185546b13fb6d2c2f63e92fbf194ed98e",
        "version" : "2.1.0"
      }
    },
    {
      "identity" : "timer",
      "kind" : "remoteSourceControl",
      "location" : "https://github.com/Mijick/Timer",
      "state" : {
        "revision" : "93fe777e0c7e693f388ce0ffeeec97b3dd812743",
        "version" : "1.0.2"
      }
    }
  ],
  "version" : 3
}
