// !$*UTF8*$!
{
	archiveVersion = 1;
	classes = {
	};
	objectVersion = 56;
	objects = {

/* Begin PBXBuildFile section */
		C08FA4F229CB9404002CA6AF /* PersistenceController.swift in Sources */ = {isa = PBXBuildFile; fileRef = C08FA4F129CB9404002CA6AF /* PersistenceController.swift */; };
		C08FA4F529CB9418002CA6AF /* ExerciseLog.xcdatamodeld in Sources */ = {isa = PBXBuildFile; fileRef = C08FA4F329CB9418002CA6AF /* ExerciseLog.xcdatamodeld */; };
		C08FA4FB29CB96C2002CA6AF /* RepertoireView.swift in Sources */ = {isa = PBXBuildFile; fileRef = C08FA4FA29CB96C2002CA6AF /* RepertoireView.swift */; };
		C08FA4FD29CB9729002CA6AF /* AddExerciseView.swift in Sources */ = {isa = PBXBuildFile; fileRef = C08FA4FC29CB9729002CA6AF /* AddExerciseView.swift */; };
		C08FA4FF29CB9F24002CA6AF /* StatsView.swift in Sources */ = {isa = PBXBuildFile; fileRef = C08FA4FE29CB9F24002CA6AF /* StatsView.swift */; };
		C08FA50129CB9F3B002CA6AF /* ExercisesView.swift in Sources */ = {isa = PBXBuildFile; fileRef = C08FA50029CB9F3B002CA6AF /* ExercisesView.swift */; };
		C08FA50329CE4952002CA6AF /* StopwatchView.swift in Sources */ = {isa = PBXBuildFile; fileRef = C08FA50229CE4952002CA6AF /* StopwatchView.swift */; };
		C0CB957B29C6445A0099974B /* CalisthenicsApp.swift in Sources */ = {isa = PBXBuildFile; fileRef = C0CB957A29C6445A0099974B /* CalisthenicsApp.swift */; };
		C0CB957D29C6445A0099974B /* ContentView.swift in Sources */ = {isa = PBXBuildFile; fileRef = C0CB957C29C6445A0099974B /* ContentView.swift */; };
		C0CB957F29C6445B0099974B /* Assets.xcassets in Resources */ = {isa = PBXBuildFile; fileRef = C0CB957E29C6445B0099974B /* Assets.xcassets */; };
		C0CB958229C6445B0099974B /* Preview Assets.xcassets in Resources */ = {isa = PBXBuildFile; fileRef = C0CB958129C6445B0099974B /* Preview Assets.xcassets */; };
/* End PBXBuildFile section */

/* Begin PBXFileReference section */
		C08FA4F129CB9404002CA6AF /* PersistenceController.swift */ = {isa = PBXFileReference; lastKnownFileType = sourcecode.swift; path = PersistenceController.swift; sourceTree = "<group>"; };
		C08FA4F429CB9418002CA6AF /* Exercise.xcdatamodel */ = {isa = PBXFileReference; lastKnownFileType = wrapper.xcdatamodel; path = Exercise.xcdatamodel; sourceTree = "<group>"; };
		C08FA4F629CB9545002CA6AF /* Calisthenics.entitlements */ = {isa = PBXFileReference; lastKnownFileType = text.plist.entitlements; path = Calisthenics.entitlements; sourceTree = "<group>"; };
		C08FA4FA29CB96C2002CA6AF /* RepertoireView.swift */ = {isa = PBXFileReference; lastKnownFileType = sourcecode.swift; path = RepertoireView.swift; sourceTree = "<group>"; };
		C08FA4FC29CB9729002CA6AF /* AddExerciseView.swift */ = {isa = PBXFileReference; lastKnownFileType = sourcecode.swift; path = AddExerciseView.swift; sourceTree = "<group>"; };
		C08FA4FE29CB9F24002CA6AF /* StatsView.swift */ = {isa = PBXFileReference; lastKnownFileType = sourcecode.swift; path = StatsView.swift; sourceTree = "<group>"; };
		C08FA50029CB9F3B002CA6AF /* ExercisesView.swift */ = {isa = PBXFileReference; lastKnownFileType = sourcecode.swift; path = ExercisesView.swift; sourceTree = "<group>"; };
		C08FA50229CE4952002CA6AF /* StopwatchView.swift */ = {isa = PBXFileReference; lastKnownFileType = sourcecode.swift; name = StopwatchView.swift; path = "../../../Library/Mobile Documents/com~apple~CloudDocs/.Trash/Calisthenics/Calisthenics/StopwatchView.swift"; sourceTree = "<group>"; };
		C0CB957729C6445A0099974B /* Calisthenics.app */ = {isa = PBXFileReference; explicitFileType = wrapper.application; includeInIndex = 0; path = Calisthenics.app; sourceTree = BUILT_PRODUCTS_DIR; };
		C0CB957A29C6445A0099974B /* CalisthenicsApp.swift */ = {isa = PBXFileReference; lastKnownFileType = sourcecode.swift; path = CalisthenicsApp.swift; sourceTree = "<group>"; };
		C0CB957C29C6445A0099974B /* ContentView.swift */ = {isa = PBXFileReference; lastKnownFileType = sourcecode.swift; path = ContentView.swift; sourceTree = "<group>"; };
		C0CB957E29C6445B0099974B /* Assets.xcassets */ = {isa = PBXFileReference; lastKnownFileType = folder.assetcatalog; path = Assets.xcassets; sourceTree = "<group>"; };
		C0CB958129C6445B0099974B /* Preview Assets.xcassets */ = {isa = PBXFileReference; lastKnownFileType = folder.assetcatalog; path = "Preview Assets.xcassets"; sourceTree = "<group>"; };
/* End PBXFileReference section */

/* Begin PBXFrameworksBuildPhase section */
		C0CB957429C6445A0099974B /* Frameworks */ = {
			isa = PBXFrameworksBuildPhase;
			buildActionMask = 2147483647;
			files = (
			);
			runOnlyForDeploymentPostprocessing = 0;
		};
/* End PBXFrameworksBuildPhase section */

/* Begin PBXGroup section */
		C08FA4F929CB957A002CA6AF /* Views */ = {
			isa = PBXGroup;
			children = (
				C0CB957C29C6445A0099974B /* ContentView.swift */,
				C08FA50029CB9F3B002CA6AF /* ExercisesView.swift */,
				C08FA4FE29CB9F24002CA6AF /* StatsView.swift */,
				C08FA4FA29CB96C2002CA6AF /* RepertoireView.swift */,
				C08FA4FC29CB9729002CA6AF /* AddExerciseView.swift */,
			);
			path = Views;
			sourceTree = "<group>";
		};
		C0CB956E29C6445A0099974B = {
			isa = PBXGroup;
			children = (
				C0CB957929C6445A0099974B /* Calisthenics */,
				C0CB957829C6445A0099974B /* Products */,
			);
			sourceTree = "<group>";
		};
		C0CB957829C6445A0099974B /* Products */ = {
			isa = PBXGroup;
			children = (
				C0CB957729C6445A0099974B /* Calisthenics.app */,
			);
			name = Products;
			sourceTree = "<group>";
		};
		C0CB957929C6445A0099974B /* Calisthenics */ = {
			isa = PBXGroup;
			children = (
				C08FA4F629CB9545002CA6AF /* Calisthenics.entitlements */,
				C0CB957A29C6445A0099974B /* CalisthenicsApp.swift */,
				C08FA4F129CB9404002CA6AF /* PersistenceController.swift */,
				C08FA50229CE4952002CA6AF /* StopwatchView.swift */,
				C08FA4F929CB957A002CA6AF /* Views */,
				C08FA4F329CB9418002CA6AF /* ExerciseLog.xcdatamodeld */,
				C0CB957E29C6445B0099974B /* Assets.xcassets */,
				C0CB958029C6445B0099974B /* Preview Content */,
			);
			path = Calisthenics;
			sourceTree = "<group>";
		};
		C0CB958029C6445B0099974B /* Preview Content */ = {
			isa = PBXGroup;
			children = (
				C0CB958129C6445B0099974B /* Preview Assets.xcassets */,
			);
			path = "Preview Content";
			sourceTree = "<group>";
		};
/* End PBXGroup section */

/* Begin PBXNativeTarget section */
		C0CB957629C6445A0099974B /* Calisthenics */ = {
			isa = PBXNativeTarget;
			buildConfigurationList = C0CB958529C6445B0099974B /* Build configuration list for PBXNativeTarget "Calisthenics" */;
			buildPhases = (
				C0CB957329C6445A0099974B /* Sources */,
				C0CB957429C6445A0099974B /* Frameworks */,
				C0CB957529C6445A0099974B /* Resources */,
			);
			buildRules = (
			);
			dependencies = (
			);
			name = Calisthenics;
			productName = Calisthenics;
			productReference = C0CB957729C6445A0099974B /* Calisthenics.app */;
			productType = "com.apple.product-type.application";
		};
/* End PBXNativeTarget section */

/* Begin PBXProject section */
		C0CB956F29C6445A0099974B /* Project object */ = {
			isa = PBXProject;
			attributes = {
				BuildIndependentTargetsInParallel = 1;
				LastSwiftUpdateCheck = 1420;
				LastUpgradeCheck = 1420;
				TargetAttributes = {
					C0CB957629C6445A0099974B = {
						CreatedOnToolsVersion = 14.2;
					};
				};
			};
			buildConfigurationList = C0CB957229C6445A0099974B /* Build configuration list for PBXProject "Calisthenics" */;
			compatibilityVersion = "Xcode 14.0";
			developmentRegion = en;
			hasScannedForEncodings = 0;
			knownRegions = (
				en,
				Base,
			);
			mainGroup = C0CB956E29C6445A0099974B;
			productRefGroup = C0CB957829C6445A0099974B /* Products */;
			projectDirPath = "";
			projectRoot = "";
			targets = (
				C0CB957629C6445A0099974B /* Calisthenics */,
			);
		};
/* End PBXProject section */

/* Begin PBXResourcesBuildPhase section */
		C0CB957529C6445A0099974B /* Resources */ = {
			isa = PBXResourcesBuildPhase;
			buildActionMask = 2147483647;
			files = (
				C0CB958229C6445B0099974B /* Preview Assets.xcassets in Resources */,
				C0CB957F29C6445B0099974B /* Assets.xcassets in Resources */,
			);
			runOnlyForDeploymentPostprocessing = 0;
		};
/* End PBXResourcesBuildPhase section */

/* Begin PBXSourcesBuildPhase section */
		C0CB957329C6445A0099974B /* Sources */ = {
			isa = PBXSourcesBuildPhase;
			buildActionMask = 2147483647;
			files = (
				C08FA4FF29CB9F24002CA6AF /* StatsView.swift in Sources */,
				C08FA4FB29CB96C2002CA6AF /* RepertoireView.swift in Sources */,
				C08FA4F229CB9404002CA6AF /* PersistenceController.swift in Sources */,
				C08FA4F529CB9418002CA6AF /* ExerciseLog.xcdatamodeld in Sources */,
				C08FA50329CE4952002CA6AF /* StopwatchView.swift in Sources */,
				C08FA50129CB9F3B002CA6AF /* ExercisesView.swift in Sources */,
				C0CB957D29C6445A0099974B /* ContentView.swift in Sources */,
				C08FA4FD29CB9729002CA6AF /* AddExerciseView.swift in Sources */,
				C0CB957B29C6445A0099974B /* CalisthenicsApp.swift in Sources */,
			);
			runOnlyForDeploymentPostprocessing = 0;
		};
/* End PBXSourcesBuildPhase section */

/* Begin XCBuildConfiguration section */
		C0CB958329C6445B0099974B /* Debug */ = {
			isa = XCBuildConfiguration;
			buildSettings = {
				ALWAYS_SEARCH_USER_PATHS = NO;
				CLANG_ANALYZER_NONNULL = YES;
				CLANG_ANALYZER_NUMBER_OBJECT_CONVERSION = YES_AGGRESSIVE;
				CLANG_CXX_LANGUAGE_STANDARD = "gnu++20";
				CLANG_ENABLE_MODULES = YES;
				CLANG_ENABLE_OBJC_ARC = YES;
				CLANG_ENABLE_OBJC_WEAK = YES;
				CLANG_WARN_BLOCK_CAPTURE_AUTORELEASING = YES;
				CLANG_WARN_BOOL_CONVERSION = YES;
				CLANG_WARN_COMMA = YES;
				CLANG_WARN_CONSTANT_CONVERSION = YES;
				CLANG_WARN_DEPRECATED_OBJC_IMPLEMENTATIONS = YES;
				CLANG_WARN_DIRECT_OBJC_ISA_USAGE = YES_ERROR;
				CLANG_WARN_DOCUMENTATION_COMMENTS = YES;
				CLANG_WARN_EMPTY_BODY = YES;
				CLANG_WARN_ENUM_CONVERSION = YES;
				CLANG_WARN_INFINITE_RECURSION = YES;
				CLANG_WARN_INT_CONVERSION = YES;
				CLANG_WARN_NON_LITERAL_NULL_CONVERSION = YES;
				CLANG_WARN_OBJC_IMPLICIT_RETAIN_SELF = YES;
				CLANG_WARN_OBJC_LITERAL_CONVERSION = YES;
				CLANG_WARN_OBJC_ROOT_CLASS = YES_ERROR;
				CLANG_WARN_QUOTED_INCLUDE_IN_FRAMEWORK_HEADER = YES;
				CLANG_WARN_RANGE_LOOP_ANALYSIS = YES;
				CLANG_WARN_STRICT_PROTOTYPES = YES;
				CLANG_WARN_SUSPICIOUS_MOVE = YES;
				CLANG_WARN_UNGUARDED_AVAILABILITY = YES_AGGRESSIVE;
				CLANG_WARN_UNREACHABLE_CODE = YES;
				CLANG_WARN__DUPLICATE_METHOD_MATCH = YES;
				COPY_PHASE_STRIP = NO;
				DEBUG_INFORMATION_FORMAT = dwarf;
				ENABLE_STRICT_OBJC_MSGSEND = YES;
				ENABLE_TESTABILITY = YES;
				GCC_C_LANGUAGE_STANDARD = gnu11;
				GCC_DYNAMIC_NO_PIC = NO;
				GCC_NO_COMMON_BLOCKS = YES;
				GCC_OPTIMIZATION_LEVEL = 0;
				GCC_PREPROCESSOR_DEFINITIONS = (
					"DEBUG=1",
					"$(inherited)",
				);
				GCC_WARN_64_TO_32_BIT_CONVERSION = YES;
				GCC_WARN_ABOUT_RETURN_TYPE = YES_ERROR;
				GCC_WARN_UNDECLARED_SELECTOR = YES;
				GCC_WARN_UNINITIALIZED_AUTOS = YES_AGGRESSIVE;
				GCC_WARN_UNUSED_FUNCTION = YES;
				GCC_WARN_UNUSED_VARIABLE = YES;
				IPHONEOS_DEPLOYMENT_TARGET = 16.2;
				MTL_ENABLE_DEBUG_INFO = INCLUDE_SOURCE;
				MTL_FAST_MATH = YES;
				ONLY_ACTIVE_ARCH = YES;
				SDKROOT = iphoneos;
				SWIFT_ACTIVE_COMPILATION_CONDITIONS = DEBUG;
				SWIFT_OPTIMIZATION_LEVEL = "-Onone";
			};
			name = Debug;
		};
		C0CB958429C6445B0099974B /* Release */ = {
			isa = XCBuildConfiguration;
			buildSettings = {
				ALWAYS_SEARCH_USER_PATHS = NO;
				CLANG_ANALYZER_NONNULL = YES;
				CLANG_ANALYZER_NUMBER_OBJECT_CONVERSION = YES_AGGRESSIVE;
				CLANG_CXX_LANGUAGE_STANDARD = "gnu++20";
				CLANG_ENABLE_MODULES = YES;
				CLANG_ENABLE_OBJC_ARC = YES;
				CLANG_ENABLE_OBJC_WEAK = YES;
				CLANG_WARN_BLOCK_CAPTURE_AUTORELEASING = YES;
				CLANG_WARN_BOOL_CONVERSION = YES;
				CLANG_WARN_COMMA = YES;
				CLANG_WARN_CONSTANT_CONVERSION = YES;
				CLANG_WARN_DEPRECATED_OBJC_IMPLEMENTATIONS = YES;
				CLANG_WARN_DIRECT_OBJC_ISA_USAGE = YES_ERROR;
				CLANG_WARN_DOCUMENTATION_COMMENTS = YES;
				CLANG_WARN_EMPTY_BODY = YES;
				CLANG_WARN_ENUM_CONVERSION = YES;
				CLANG_WARN_INFINITE_RECURSION = YES;
				CLANG_WARN_INT_CONVERSION = YES;
				CLANG_WARN_NON_LITERAL_NULL_CONVERSION = YES;
				CLANG_WARN_OBJC_IMPLICIT_RETAIN_SELF = YES;
				CLANG_WARN_OBJC_LITERAL_CONVERSION = YES;
				CLANG_WARN_OBJC_ROOT_CLASS = YES_ERROR;
				CLANG_WARN_QUOTED_INCLUDE_IN_FRAMEWORK_HEADER = YES;
				CLANG_WARN_RANGE_LOOP_ANALYSIS = YES;
				CLANG_WARN_STRICT_PROTOTYPES = YES;
				CLANG_WARN_SUSPICIOUS_MOVE = YES;
				CLANG_WARN_UNGUARDED_AVAILABILITY = YES_AGGRESSIVE;
				CLANG_WARN_UNREACHABLE_CODE = YES;
				CLANG_WARN__DUPLICATE_METHOD_MATCH = YES;
				COPY_PHASE_STRIP = NO;
				DEBUG_INFORMATION_FORMAT = "dwarf-with-dsym";
				ENABLE_NS_ASSERTIONS = NO;
				ENABLE_STRICT_OBJC_MSGSEND = YES;
				GCC_C_LANGUAGE_STANDARD = gnu11;
				GCC_NO_COMMON_BLOCKS = YES;
				GCC_WARN_64_TO_32_BIT_CONVERSION = YES;
				GCC_WARN_ABOUT_RETURN_TYPE = YES_ERROR;
				GCC_WARN_UNDECLARED_SELECTOR = YES;
				GCC_WARN_UNINITIALIZED_AUTOS = YES_AGGRESSIVE;
				GCC_WARN_UNUSED_FUNCTION = YES;
				GCC_WARN_UNUSED_VARIABLE = YES;
				IPHONEOS_DEPLOYMENT_TARGET = 16.2;
				MTL_ENABLE_DEBUG_INFO = NO;
				MTL_FAST_MATH = YES;
				SDKROOT = iphoneos;
				SWIFT_COMPILATION_MODE = wholemodule;
				SWIFT_OPTIMIZATION_LEVEL = "-O";
				VALIDATE_PRODUCT = YES;
			};
			name = Release;
		};
		C0CB958629C6445B0099974B /* Debug */ = {
			isa = XCBuildConfiguration;
			buildSettings = {
				ASSETCATALOG_COMPILER_APPICON_NAME = AppIcon;
				ASSETCATALOG_COMPILER_GLOBAL_ACCENT_COLOR_NAME = AccentColor;
				CODE_SIGN_ENTITLEMENTS = Calisthenics/Calisthenics.entitlements;
				CODE_SIGN_STYLE = Automatic;
				CURRENT_PROJECT_VERSION = 1;
				DEVELOPMENT_ASSET_PATHS = "\"Calisthenics/Preview Content\"";
				DEVELOPMENT_TEAM = 5SGZH379X4;
				ENABLE_PREVIEWS = YES;
				GENERATE_INFOPLIST_FILE = YES;
				INFOPLIST_KEY_UIApplicationSceneManifest_Generation = YES;
				INFOPLIST_KEY_UIApplicationSupportsIndirectInputEvents = YES;
				INFOPLIST_KEY_UILaunchScreen_Generation = YES;
				INFOPLIST_KEY_UISupportedInterfaceOrientations_iPad = "UIInterfaceOrientationPortrait UIInterfaceOrientationPortraitUpsideDown UIInterfaceOrientationLandscapeLeft UIInterfaceOrientationLandscapeRight";
				INFOPLIST_KEY_UISupportedInterfaceOrientations_iPhone = "UIInterfaceOrientationPortrait UIInterfaceOrientationLandscapeLeft UIInterfaceOrientationLandscapeRight";
				LD_RUNPATH_SEARCH_PATHS = (
					"$(inherited)",
					"@executable_path/Frameworks",
				);
				MARKETING_VERSION = 1.0;
				PRODUCT_BUNDLE_IDENTIFIER = me.jareddanieljones.Calisthenics;
				PRODUCT_NAME = "$(TARGET_NAME)";
				SWIFT_EMIT_LOC_STRINGS = YES;
				SWIFT_VERSION = 5.0;
				TARGETED_DEVICE_FAMILY = "1,2";
			};
			name = Debug;
		};
		C0CB958729C6445B0099974B /* Release */ = {
			isa = XCBuildConfiguration;
			buildSettings = {
				ASSETCATALOG_COMPILER_APPICON_NAME = AppIcon;
				ASSETCATALOG_COMPILER_GLOBAL_ACCENT_COLOR_NAME = AccentColor;
				CODE_SIGN_ENTITLEMENTS = Calisthenics/Calisthenics.entitlements;
				CODE_SIGN_STYLE = Automatic;
				CURRENT_PROJECT_VERSION = 1;
				DEVELOPMENT_ASSET_PATHS = "\"Calisthenics/Preview Content\"";
				DEVELOPMENT_TEAM = 5SGZH379X4;
				ENABLE_PREVIEWS = YES;
				GENERATE_INFOPLIST_FILE = YES;
				INFOPLIST_KEY_UIApplicationSceneManifest_Generation = YES;
				INFOPLIST_KEY_UIApplicationSupportsIndirectInputEvents = YES;
				INFOPLIST_KEY_UILaunchScreen_Generation = YES;
				INFOPLIST_KEY_UISupportedInterfaceOrientations_iPad = "UIInterfaceOrientationPortrait UIInterfaceOrientationPortraitUpsideDown UIInterfaceOrientationLandscapeLeft UIInterfaceOrientationLandscapeRight";
				INFOPLIST_KEY_UISupportedInterfaceOrientations_iPhone = "UIInterfaceOrientationPortrait UIInterfaceOrientationLandscapeLeft UIInterfaceOrientationLandscapeRight";
				LD_RUNPATH_SEARCH_PATHS = (
					"$(inherited)",
					"@executable_path/Frameworks",
				);
				MARKETING_VERSION = 1.0;
				PRODUCT_BUNDLE_IDENTIFIER = me.jareddanieljones.Calisthenics;
				PRODUCT_NAME = "$(TARGET_NAME)";
				SWIFT_EMIT_LOC_STRINGS = YES;
				SWIFT_VERSION = 5.0;
				TARGETED_DEVICE_FAMILY = "1,2";
			};
			name = Release;
		};
/* End XCBuildConfiguration section */

/* Begin XCConfigurationList section */
		C0CB957229C6445A0099974B /* Build configuration list for PBXProject "Calisthenics" */ = {
			isa = XCConfigurationList;
			buildConfigurations = (
				C0CB958329C6445B0099974B /* Debug */,
				C0CB958429C6445B0099974B /* Release */,
			);
			defaultConfigurationIsVisible = 0;
			defaultConfigurationName = Release;
		};
		C0CB958529C6445B0099974B /* Build configuration list for PBXNativeTarget "Calisthenics" */ = {
			isa = XCConfigurationList;
			buildConfigurations = (
				C0CB958629C6445B0099974B /* Debug */,
				C0CB958729C6445B0099974B /* Release */,
			);
			defaultConfigurationIsVisible = 0;
			defaultConfigurationName = Release;
		};
/* End XCConfigurationList section */

/* Begin XCVersionGroup section */
		C08FA4F329CB9418002CA6AF /* ExerciseLog.xcdatamodeld */ = {
			isa = XCVersionGroup;
			children = (
				C08FA4F429CB9418002CA6AF /* Exercise.xcdatamodel */,
			);
			currentVersion = C08FA4F429CB9418002CA6AF /* Exercise.xcdatamodel */;
			path = ExerciseLog.xcdatamodeld;
			sourceTree = "<group>";
			versionGroupType = wrapper.xcdatamodel;
		};
/* End XCVersionGroup section */
	};
	rootObject = C0CB956F29C6445A0099974B /* Project object */;
}
